
Microsoft Visual Studio Solution File, Format Version 12.00
# Visual Studio Version 17
VisualStudioVersion = 17.3.32929.385
MinimumVisualStudioVersion = 10.0.40219.1
Project("{FAE04EC0-301F-11D3-BF4B-00C04F79EFBC}") = "CouponManager", "CouponManager\CouponManager.csproj", "{183AC473-D1D2-4DD3-8FDD-B401DFBDC617}"
EndProject
Global
	GlobalSection(SolutionConfigurationPlatforms) = preSolution
		Debug|Any CPU = Debug|Any CPU
		Release|Any CPU = Release|Any CPU
	EndGlobalSection
	GlobalSection(ProjectConfigurationPlatforms) = postSolution
		{183AC473-D1D2-4DD3-8FDD-B401DFBDC617}.Debug|Any CPU.ActiveCfg = Debug|Any CPU
		{183AC473-D1D2-4DD3-8FDD-B401DFBDC617}.Debug|Any CPU.Build.0 = Debug|Any CPU
		{183AC473-D1D2-4DD3-8FDD-B401DFBDC617}.Release|Any CPU.ActiveCfg = Release|Any CPU
		{183AC473-D1D2-4DD3-8FDD-B401DFBDC617}.Release|Any CPU.Build.0 = Release|Any CPU
	EndGlobalSection
	GlobalSection(SolutionProperties) = preSolution
		HideSolutionNode = FALSE
	EndGlobalSection
	GlobalSection(ExtensibilityGlobals) = postSolution
		SolutionGuid = {7744D531-AD73-4FAC-BCF1-D0C78C6D5D33}
	EndGlobalSection
EndGlobal
